
Microsoft Visual Studio Solution File, Format Version 12.00
# Visual Studio 15
VisualStudioVersion = 15.0.27703.2047
MinimumVisualStudioVersion = 10.0.40219.1
Project("{FAE04EC0-301F-11D3-BF4B-00C04F79EFBC}") = "KGSocket", "KGSocket\KGSocket.csproj", "{0ABDBBB9-D2FB-4F66-A3D8-A49898A01BCD}"
EndProject
Global
	GlobalSection(SolutionConfigurationPlatforms) = preSolution
		Debug|Any CPU = Debug|Any CPU
		Release|Any CPU = Release|Any CPU
	EndGlobalSection
	GlobalSection(ProjectConfigurationPlatforms) = postSolution
		{0ABDBBB9-D2FB-4F66-A3D8-A49898A01BCD}.Debug|Any CPU.ActiveCfg = Debug|Any CPU
		{0ABDBBB9-D2FB-4F66-A3D8-A49898A01BCD}.Debug|Any CPU.Build.0 = Debug|Any CPU
		{0ABDBBB9-D2FB-4F66-A3D8-A49898A01BCD}.Release|Any CPU.ActiveCfg = Release|Any CPU
		{0ABDBBB9-D2FB-4F66-A3D8-A49898A01BCD}.Release|Any CPU.Build.0 = Release|Any CPU
	EndGlobalSection
	GlobalSection(SolutionProperties) = preSolution
		HideSolutionNode = FALSE
	EndGlobalSection
	GlobalSection(ExtensibilityGlobals) = postSolution
		SolutionGuid = {1AFFEEE4-3A36-4EB5-9203-20A9184948D4}
	EndGlobalSection
EndGlobal
