
Microsoft Visual Studio Solution File, Format Version 12.00
# Visual Studio 15
VisualStudioVersion = 15.0.27703.2047
MinimumVisualStudioVersion = 10.0.40219.1
Project("{FAE04EC0-301F-11D3-BF4B-00C04F79EFBC}") = "ChatServer", "ChatServer\ChatServer.csproj", "{F270FFB8-BC51-436D-AE9A-DFD390CB5848}"
EndProject
Project("{FAE04EC0-301F-11D3-BF4B-00C04F79EFBC}") = "ChatNetData", "ChatNetData\ChatNetData.csproj", "{21405CBC-0660-4470-9840-79E40CB8F926}"
EndProject
Global
	GlobalSection(SolutionConfigurationPlatforms) = preSolution
		Debug|Any CPU = Debug|Any CPU
		Release|Any CPU = Release|Any CPU
	EndGlobalSection
	GlobalSection(ProjectConfigurationPlatforms) = postSolution
		{F270FFB8-BC51-436D-AE9A-DFD390CB5848}.Debug|Any CPU.ActiveCfg = Debug|Any CPU
		{F270FFB8-BC51-436D-AE9A-DFD390CB5848}.Debug|Any CPU.Build.0 = Debug|Any CPU
		{F270FFB8-BC51-436D-AE9A-DFD390CB5848}.Release|Any CPU.ActiveCfg = Release|Any CPU
		{F270FFB8-BC51-436D-AE9A-DFD390CB5848}.Release|Any CPU.Build.0 = Release|Any CPU
		{21405CBC-0660-4470-9840-79E40CB8F926}.Debug|Any CPU.ActiveCfg = Debug|Any CPU
		{21405CBC-0660-4470-9840-79E40CB8F926}.Debug|Any CPU.Build.0 = Debug|Any CPU
		{21405CBC-0660-4470-9840-79E40CB8F926}.Release|Any CPU.ActiveCfg = Release|Any CPU
		{21405CBC-0660-4470-9840-79E40CB8F926}.Release|Any CPU.Build.0 = Release|Any CPU
	EndGlobalSection
	GlobalSection(SolutionProperties) = preSolution
		HideSolutionNode = FALSE
	EndGlobalSection
	GlobalSection(ExtensibilityGlobals) = postSolution
		SolutionGuid = {526CF324-C787-4B0B-AF75-0E10B282E9F9}
	EndGlobalSection
EndGlobal
